
Microsoft Visual Studio Solution File, Format Version 10.00
# Visual Studio 2008
Project("{FAE04EC0-301F-11D3-BF4B-00C04F79EFBC}") = "PlanningMaker", "PlanningMaker\PlanningMaker.csproj", "{29519A65-86BB-4236-BDCC-54039A7479FE}"
EndProject
Global
	GlobalSection(SolutionConfigurationPlatforms) = preSolution
		Debug|Any CPU = Debug|Any CPU
		Release|Any CPU = Release|Any CPU
	EndGlobalSection
	GlobalSection(ProjectConfigurationPlatforms) = postSolution
		{29519A65-86BB-4236-BDCC-54039A7479FE}.Debug|Any CPU.ActiveCfg = Debug|Any CPU
		{29519A65-86BB-4236-BDCC-54039A7479FE}.Debug|Any CPU.Build.0 = Debug|Any CPU
		{29519A65-86BB-4236-BDCC-54039A7479FE}.Release|Any CPU.ActiveCfg = Release|Any CPU
		{29519A65-86BB-4236-BDCC-54039A7479FE}.Release|Any CPU.Build.0 = Release|Any CPU
	EndGlobalSection
EndGlobal
